
Microsoft Visual Studio Solution File, Format Version 12.00
# Visual Studio Version 16
VisualStudioVersion = 16.0.28922.388
MinimumVisualStudioVersion = 10.0.40219.1
Project("{FAE04EC0-301F-11D3-BF4B-00C04F79EFBC}") = "DETrackerWPF", "DETrackerWPF\DETrackerWPF.csproj", "{9054925B-19C7-4F8B-A479-B80262DFE400}"
EndProject
Project("{C7167F0D-BC9F-4E6E-AFE1-012C56B48DB5}") = "DETrackerWPF-for-UWP", "WapProjTemplate1\DETrackerWPF-for-UWP.wapproj", "{410A6300-1C02-481A-B000-6F05CC1B9133}"
EndProject
Global
	GlobalSection(SolutionConfigurationPlatforms) = preSolution
		Debug|Any CPU = Debug|Any CPU
		Debug|ARM = Debug|ARM
		Debug|ARM64 = Debug|ARM64
		Debug|x64 = Debug|x64
		Debug|x86 = Debug|x86
		Release|Any CPU = Release|Any CPU
		Release|ARM = Release|ARM
		Release|ARM64 = Release|ARM64
		Release|x64 = Release|x64
		Release|x86 = Release|x86
	EndGlobalSection
	GlobalSection(ProjectConfigurationPlatforms) = postSolution
		{9054925B-19C7-4F8B-A479-B80262DFE400}.Debug|Any CPU.ActiveCfg = Debug|Any CPU
		{9054925B-19C7-4F8B-A479-B80262DFE400}.Debug|Any CPU.Build.0 = Debug|Any CPU
		{9054925B-19C7-4F8B-A479-B80262DFE400}.Debug|ARM.ActiveCfg = Debug|Any CPU
		{9054925B-19C7-4F8B-A479-B80262DFE400}.Debug|ARM.Build.0 = Debug|Any CPU
		{9054925B-19C7-4F8B-A479-B80262DFE400}.Debug|ARM64.ActiveCfg = Debug|Any CPU
		{9054925B-19C7-4F8B-A479-B80262DFE400}.Debug|ARM64.Build.0 = Debug|Any CPU
		{9054925B-19C7-4F8B-A479-B80262DFE400}.Debug|x64.ActiveCfg = Debug|Any CPU
		{9054925B-19C7-4F8B-A479-B80262DFE400}.Debug|x64.Build.0 = Debug|Any CPU
		{9054925B-19C7-4F8B-A479-B80262DFE400}.Debug|x86.ActiveCfg = Debug|Any CPU
		{9054925B-19C7-4F8B-A479-B80262DFE400}.Debug|x86.Build.0 = Debug|Any CPU
		{9054925B-19C7-4F8B-A479-B80262DFE400}.Release|Any CPU.ActiveCfg = Release|Any CPU
		{9054925B-19C7-4F8B-A479-B80262DFE400}.Release|Any CPU.Build.0 = Release|Any CPU
		{9054925B-19C7-4F8B-A479-B80262DFE400}.Release|ARM.ActiveCfg = Release|Any CPU
		{9054925B-19C7-4F8B-A479-B80262DFE400}.Release|ARM.Build.0 = Release|Any CPU
		{9054925B-19C7-4F8B-A479-B80262DFE400}.Release|ARM64.ActiveCfg = Release|Any CPU
		{9054925B-19C7-4F8B-A479-B80262DFE400}.Release|ARM64.Build.0 = Release|Any CPU
		{9054925B-19C7-4F8B-A479-B80262DFE400}.Release|x64.ActiveCfg = Release|Any CPU
		{9054925B-19C7-4F8B-A479-B80262DFE400}.Release|x64.Build.0 = Release|Any CPU
		{9054925B-19C7-4F8B-A479-B80262DFE400}.Release|x86.ActiveCfg = Release|Any CPU
		{9054925B-19C7-4F8B-A479-B80262DFE400}.Release|x86.Build.0 = Release|Any CPU
		{410A6300-1C02-481A-B000-6F05CC1B9133}.Debug|Any CPU.ActiveCfg = Debug|Any CPU
		{410A6300-1C02-481A-B000-6F05CC1B9133}.Debug|Any CPU.Build.0 = Debug|Any CPU
		{410A6300-1C02-481A-B000-6F05CC1B9133}.Debug|Any CPU.Deploy.0 = Debug|Any CPU
		{410A6300-1C02-481A-B000-6F05CC1B9133}.Debug|ARM.ActiveCfg = Debug|ARM
		{410A6300-1C02-481A-B000-6F05CC1B9133}.Debug|ARM.Build.0 = Debug|ARM
		{410A6300-1C02-481A-B000-6F05CC1B9133}.Debug|ARM.Deploy.0 = Debug|ARM
		{410A6300-1C02-481A-B000-6F05CC1B9133}.Debug|ARM64.ActiveCfg = Debug|ARM64
		{410A6300-1C02-481A-B000-6F05CC1B9133}.Debug|ARM64.Build.0 = Debug|ARM64
		{410A6300-1C02-481A-B000-6F05CC1B9133}.Debug|ARM64.Deploy.0 = Debug|ARM64
		{410A6300-1C02-481A-B000-6F05CC1B9133}.Debug|x64.ActiveCfg = Debug|x64
		{410A6300-1C02-481A-B000-6F05CC1B9133}.Debug|x64.Build.0 = Debug|x64
		{410A6300-1C02-481A-B000-6F05CC1B9133}.Debug|x64.Deploy.0 = Debug|x64
		{410A6300-1C02-481A-B000-6F05CC1B9133}.Debug|x86.ActiveCfg = Debug|x86
		{410A6300-1C02-481A-B000-6F05CC1B9133}.Debug|x86.Build.0 = Debug|x86
		{410A6300-1C02-481A-B000-6F05CC1B9133}.Debug|x86.Deploy.0 = Debug|x86
		{410A6300-1C02-481A-B000-6F05CC1B9133}.Release|Any CPU.ActiveCfg = Release|Any CPU
		{410A6300-1C02-481A-B000-6F05CC1B9133}.Release|Any CPU.Build.0 = Release|Any CPU
		{410A6300-1C02-481A-B000-6F05CC1B9133}.Release|Any CPU.Deploy.0 = Release|Any CPU
		{410A6300-1C02-481A-B000-6F05CC1B9133}.Release|ARM.ActiveCfg = Release|ARM
		{410A6300-1C02-481A-B000-6F05CC1B9133}.Release|ARM.Build.0 = Release|ARM
		{410A6300-1C02-481A-B000-6F05CC1B9133}.Release|ARM.Deploy.0 = Release|ARM
		{410A6300-1C02-481A-B000-6F05CC1B9133}.Release|ARM64.ActiveCfg = Release|ARM64
		{410A6300-1C02-481A-B000-6F05CC1B9133}.Release|ARM64.Build.0 = Release|ARM64
		{410A6300-1C02-481A-B000-6F05CC1B9133}.Release|ARM64.Deploy.0 = Release|ARM64
		{410A6300-1C02-481A-B000-6F05CC1B9133}.Release|x64.ActiveCfg = Release|x64
		{410A6300-1C02-481A-B000-6F05CC1B9133}.Release|x64.Build.0 = Release|x64
		{410A6300-1C02-481A-B000-6F05CC1B9133}.Release|x64.Deploy.0 = Release|x64
		{410A6300-1C02-481A-B000-6F05CC1B9133}.Release|x86.ActiveCfg = Release|x86
		{410A6300-1C02-481A-B000-6F05CC1B9133}.Release|x86.Build.0 = Release|x86
		{410A6300-1C02-481A-B000-6F05CC1B9133}.Release|x86.Deploy.0 = Release|x86
	EndGlobalSection
	GlobalSection(SolutionProperties) = preSolution
		HideSolutionNode = FALSE
	EndGlobalSection
	GlobalSection(ExtensibilityGlobals) = postSolution
		SolutionGuid = {BFCC7FD4-390A-4B79-A326-977D545845AE}
	EndGlobalSection
EndGlobal
